
Microsoft Visual Studio Solution File, Format Version 12.00
# Visual Studio Version 17
VisualStudioVersion = 17.4.33403.182
MinimumVisualStudioVersion = 10.0.40219.1
Project("{9A19103F-16F7-4668-BE54-9A1E7A4F7556}") = "VideoSite", "VideoSite\VideoSite.csproj", "{80632524-3DA8-4284-B6B6-60980C29E999}"
EndProject
Project("{9A19103F-16F7-4668-BE54-9A1E7A4F7556}") = "EntityLayer", "EntityLayer\EntityLayer.csproj", "{4032C4AF-0D34-43A4-90EC-40A6E69A5F4F}"
EndProject
Project("{9A19103F-16F7-4668-BE54-9A1E7A4F7556}") = "ToolsLayer", "ToolsLayer\ToolsLayer.csproj", "{91F4C349-177D-4DEA-AE26-B28B7C9449F1}"
EndProject
Project("{9A19103F-16F7-4668-BE54-9A1E7A4F7556}") = "DataAccessLayer", "DataAccessLayer\DataAccessLayer.csproj", "{63890DE2-DD0D-4FF7-8ED9-1754DA24E019}"
EndProject
Project("{9A19103F-16F7-4668-BE54-9A1E7A4F7556}") = "BusinessLayer", "BusinessLayer\BusinessLayer.csproj", "{BFE7CAE4-48A4-4DA4-B499-910131583E70}"
EndProject
Project("{9A19103F-16F7-4668-BE54-9A1E7A4F7556}") = "DataAccessLayer.UnitTest", "DataAccessLayer.UnitTest\DataAccessLayer.UnitTest.csproj", "{AA661802-31C1-4801-A065-A0648B5C7578}"
EndProject
Project("{9A19103F-16F7-4668-BE54-9A1E7A4F7556}") = "BusinessLayer.UnitTest", "BusinessLayer.UnitTest\BusinessLayer.UnitTest.csproj", "{0033B22D-7301-4C4F-B961-8E87C705DFBD}"
EndProject
Project("{2150E333-8FDC-42A3-9474-1A3956D46DE8}") = "Solution Items", "Solution Items", "{6F7B5DF5-08AE-46BD-9178-ACF7E8AB67FB}"
EndProject
Global
	GlobalSection(SolutionConfigurationPlatforms) = preSolution
		Debug|Any CPU = Debug|Any CPU
		Release|Any CPU = Release|Any CPU
	EndGlobalSection
	GlobalSection(ProjectConfigurationPlatforms) = postSolution
		{80632524-3DA8-4284-B6B6-60980C29E999}.Debug|Any CPU.ActiveCfg = Debug|Any CPU
		{80632524-3DA8-4284-B6B6-60980C29E999}.Debug|Any CPU.Build.0 = Debug|Any CPU
		{80632524-3DA8-4284-B6B6-60980C29E999}.Release|Any CPU.ActiveCfg = Release|Any CPU
		{80632524-3DA8-4284-B6B6-60980C29E999}.Release|Any CPU.Build.0 = Release|Any CPU
		{4032C4AF-0D34-43A4-90EC-40A6E69A5F4F}.Debug|Any CPU.ActiveCfg = Debug|Any CPU
		{4032C4AF-0D34-43A4-90EC-40A6E69A5F4F}.Debug|Any CPU.Build.0 = Debug|Any CPU
		{4032C4AF-0D34-43A4-90EC-40A6E69A5F4F}.Release|Any CPU.ActiveCfg = Release|Any CPU
		{4032C4AF-0D34-43A4-90EC-40A6E69A5F4F}.Release|Any CPU.Build.0 = Release|Any CPU
		{91F4C349-177D-4DEA-AE26-B28B7C9449F1}.Debug|Any CPU.ActiveCfg = Debug|Any CPU
		{91F4C349-177D-4DEA-AE26-B28B7C9449F1}.Debug|Any CPU.Build.0 = Debug|Any CPU
		{91F4C349-177D-4DEA-AE26-B28B7C9449F1}.Release|Any CPU.ActiveCfg = Release|Any CPU
		{91F4C349-177D-4DEA-AE26-B28B7C9449F1}.Release|Any CPU.Build.0 = Release|Any CPU
		{63890DE2-DD0D-4FF7-8ED9-1754DA24E019}.Debug|Any CPU.ActiveCfg = Debug|Any CPU
		{63890DE2-DD0D-4FF7-8ED9-1754DA24E019}.Debug|Any CPU.Build.0 = Debug|Any CPU
		{63890DE2-DD0D-4FF7-8ED9-1754DA24E019}.Release|Any CPU.ActiveCfg = Release|Any CPU
		{63890DE2-DD0D-4FF7-8ED9-1754DA24E019}.Release|Any CPU.Build.0 = Release|Any CPU
		{BFE7CAE4-48A4-4DA4-B499-910131583E70}.Debug|Any CPU.ActiveCfg = Debug|Any CPU
		{BFE7CAE4-48A4-4DA4-B499-910131583E70}.Debug|Any CPU.Build.0 = Debug|Any CPU
		{BFE7CAE4-48A4-4DA4-B499-910131583E70}.Release|Any CPU.ActiveCfg = Release|Any CPU
		{BFE7CAE4-48A4-4DA4-B499-910131583E70}.Release|Any CPU.Build.0 = Release|Any CPU
		{AA661802-31C1-4801-A065-A0648B5C7578}.Debug|Any CPU.ActiveCfg = Debug|Any CPU
		{AA661802-31C1-4801-A065-A0648B5C7578}.Debug|Any CPU.Build.0 = Debug|Any CPU
		{AA661802-31C1-4801-A065-A0648B5C7578}.Release|Any CPU.ActiveCfg = Release|Any CPU
		{AA661802-31C1-4801-A065-A0648B5C7578}.Release|Any CPU.Build.0 = Release|Any CPU
		{0033B22D-7301-4C4F-B961-8E87C705DFBD}.Debug|Any CPU.ActiveCfg = Debug|Any CPU
		{0033B22D-7301-4C4F-B961-8E87C705DFBD}.Debug|Any CPU.Build.0 = Debug|Any CPU
		{0033B22D-7301-4C4F-B961-8E87C705DFBD}.Release|Any CPU.ActiveCfg = Release|Any CPU
		{0033B22D-7301-4C4F-B961-8E87C705DFBD}.Release|Any CPU.Build.0 = Release|Any CPU
	EndGlobalSection
	GlobalSection(SolutionProperties) = preSolution
		HideSolutionNode = FALSE
	EndGlobalSection
	GlobalSection(ExtensibilityGlobals) = postSolution
		SolutionGuid = {6CD04233-C489-4B45-B331-DCD42CEB7FA5}
	EndGlobalSection
EndGlobal
